
Microsoft Visual Studio Solution File, Format Version 12.00
# Visual Studio Version 17
VisualStudioVersion = 17.11.35222.181
MinimumVisualStudioVersion = 10.0.40219.1
Project("{FAE04EC0-301F-11D3-BF4B-00C04F79EFBC}") = "MinimalApi", "MinimalApi\MinimalApi.csproj", "{5B6B4D91-B8AD-4375-A729-6C918B8FE5AB}"
EndProject
Global
	GlobalSection(SolutionConfigurationPlatforms) = preSolution
		Debug|Any CPU = Debug|Any CPU
		Release|Any CPU = Release|Any CPU
	EndGlobalSection
	GlobalSection(ProjectConfigurationPlatforms) = postSolution
		{5B6B4D91-B8AD-4375-A729-6C918B8FE5AB}.Debug|Any CPU.ActiveCfg = Debug|Any CPU
		{5B6B4D91-B8AD-4375-A729-6C918B8FE5AB}.Debug|Any CPU.Build.0 = Debug|Any CPU
		{5B6B4D91-B8AD-4375-A729-6C918B8FE5AB}.Release|Any CPU.ActiveCfg = Release|Any CPU
		{5B6B4D91-B8AD-4375-A729-6C918B8FE5AB}.Release|Any CPU.Build.0 = Release|Any CPU
	EndGlobalSection
	GlobalSection(SolutionProperties) = preSolution
		HideSolutionNode = FALSE
	EndGlobalSection
	GlobalSection(ExtensibilityGlobals) = postSolution
		SolutionGuid = {714244D4-FC37-4071-8C1A-D52F04CCD9FB}
	EndGlobalSection
EndGlobal
